
Microsoft Visual Studio Solution File, Format Version 12.00
# Visual Studio Version 16
VisualStudioVersion = 16.0.30517.126
MinimumVisualStudioVersion = 10.0.40219.1
Project("{FAE04EC0-301F-11D3-BF4B-00C04F79EFBC}") = "DoToo.Android", "DoToo.Android\DoToo.Android.csproj", "{34CE3440-9AC9-418D-9A38-6427F4FBD29A}"
EndProject
Project("{FAE04EC0-301F-11D3-BF4B-00C04F79EFBC}") = "DoToo.iOS", "DoToo.iOS\DoToo.iOS.csproj", "{0F688C03-D499-41C3-8F7C-6483674B62EA}"
EndProject
Project("{FAE04EC0-301F-11D3-BF4B-00C04F79EFBC}") = "DoToo", "DoToo\DoToo.csproj", "{F1EA39D7-46BF-4602-AE5A-3D629399854F}"
EndProject
Global
	GlobalSection(SolutionConfigurationPlatforms) = preSolution
		Debug|Any CPU = Debug|Any CPU
		Debug|iPhone = Debug|iPhone
		Debug|iPhoneSimulator = Debug|iPhoneSimulator
		Release|Any CPU = Release|Any CPU
		Release|iPhone = Release|iPhone
		Release|iPhoneSimulator = Release|iPhoneSimulator
	EndGlobalSection
	GlobalSection(ProjectConfigurationPlatforms) = postSolution
		{34CE3440-9AC9-418D-9A38-6427F4FBD29A}.Debug|Any CPU.ActiveCfg = Debug|Any CPU
		{34CE3440-9AC9-418D-9A38-6427F4FBD29A}.Debug|Any CPU.Build.0 = Debug|Any CPU
		{34CE3440-9AC9-418D-9A38-6427F4FBD29A}.Debug|Any CPU.Deploy.0 = Debug|Any CPU
		{34CE3440-9AC9-418D-9A38-6427F4FBD29A}.Debug|iPhone.ActiveCfg = Debug|Any CPU
		{34CE3440-9AC9-418D-9A38-6427F4FBD29A}.Debug|iPhone.Build.0 = Debug|Any CPU
		{34CE3440-9AC9-418D-9A38-6427F4FBD29A}.Debug|iPhone.Deploy.0 = Debug|Any CPU
		{34CE3440-9AC9-418D-9A38-6427F4FBD29A}.Debug|iPhoneSimulator.ActiveCfg = Debug|Any CPU
		{34CE3440-9AC9-418D-9A38-6427F4FBD29A}.Debug|iPhoneSimulator.Build.0 = Debug|Any CPU
		{34CE3440-9AC9-418D-9A38-6427F4FBD29A}.Debug|iPhoneSimulator.Deploy.0 = Debug|Any CPU
		{34CE3440-9AC9-418D-9A38-6427F4FBD29A}.Release|Any CPU.ActiveCfg = Release|Any CPU
		{34CE3440-9AC9-418D-9A38-6427F4FBD29A}.Release|Any CPU.Build.0 = Release|Any CPU
		{34CE3440-9AC9-418D-9A38-6427F4FBD29A}.Release|Any CPU.Deploy.0 = Release|Any CPU
		{34CE3440-9AC9-418D-9A38-6427F4FBD29A}.Release|iPhone.ActiveCfg = Release|Any CPU
		{34CE3440-9AC9-418D-9A38-6427F4FBD29A}.Release|iPhone.Build.0 = Release|Any CPU
		{34CE3440-9AC9-418D-9A38-6427F4FBD29A}.Release|iPhone.Deploy.0 = Release|Any CPU
		{34CE3440-9AC9-418D-9A38-6427F4FBD29A}.Release|iPhoneSimulator.ActiveCfg = Release|Any CPU
		{34CE3440-9AC9-418D-9A38-6427F4FBD29A}.Release|iPhoneSimulator.Build.0 = Release|Any CPU
		{34CE3440-9AC9-418D-9A38-6427F4FBD29A}.Release|iPhoneSimulator.Deploy.0 = Release|Any CPU
		{0F688C03-D499-41C3-8F7C-6483674B62EA}.Debug|Any CPU.ActiveCfg = Debug|iPhone
		{0F688C03-D499-41C3-8F7C-6483674B62EA}.Debug|Any CPU.Build.0 = Debug|iPhone
		{0F688C03-D499-41C3-8F7C-6483674B62EA}.Debug|Any CPU.Deploy.0 = Debug|iPhone
		{0F688C03-D499-41C3-8F7C-6483674B62EA}.Debug|iPhone.ActiveCfg = Debug|iPhone
		{0F688C03-D499-41C3-8F7C-6483674B62EA}.Debug|iPhone.Build.0 = Debug|iPhone
		{0F688C03-D499-41C3-8F7C-6483674B62EA}.Debug|iPhone.Deploy.0 = Debug|iPhone
		{0F688C03-D499-41C3-8F7C-6483674B62EA}.Debug|iPhoneSimulator.ActiveCfg = Debug|iPhoneSimulator
		{0F688C03-D499-41C3-8F7C-6483674B62EA}.Debug|iPhoneSimulator.Build.0 = Debug|iPhoneSimulator
		{0F688C03-D499-41C3-8F7C-6483674B62EA}.Debug|iPhoneSimulator.Deploy.0 = Debug|iPhoneSimulator
		{0F688C03-D499-41C3-8F7C-6483674B62EA}.Release|Any CPU.ActiveCfg = Release|iPhoneSimulator
		{0F688C03-D499-41C3-8F7C-6483674B62EA}.Release|Any CPU.Build.0 = Release|iPhoneSimulator
		{0F688C03-D499-41C3-8F7C-6483674B62EA}.Release|Any CPU.Deploy.0 = Release|iPhoneSimulator
		{0F688C03-D499-41C3-8F7C-6483674B62EA}.Release|iPhone.ActiveCfg = Release|iPhone
		{0F688C03-D499-41C3-8F7C-6483674B62EA}.Release|iPhone.Build.0 = Release|iPhone
		{0F688C03-D499-41C3-8F7C-6483674B62EA}.Release|iPhone.Deploy.0 = Release|iPhone
		{0F688C03-D499-41C3-8F7C-6483674B62EA}.Release|iPhoneSimulator.ActiveCfg = Release|iPhoneSimulator
		{0F688C03-D499-41C3-8F7C-6483674B62EA}.Release|iPhoneSimulator.Build.0 = Release|iPhoneSimulator
		{0F688C03-D499-41C3-8F7C-6483674B62EA}.Release|iPhoneSimulator.Deploy.0 = Release|iPhoneSimulator
		{F1EA39D7-46BF-4602-AE5A-3D629399854F}.Debug|Any CPU.ActiveCfg = Debug|Any CPU
		{F1EA39D7-46BF-4602-AE5A-3D629399854F}.Debug|Any CPU.Build.0 = Debug|Any CPU
		{F1EA39D7-46BF-4602-AE5A-3D629399854F}.Debug|Any CPU.Deploy.0 = Debug|Any CPU
		{F1EA39D7-46BF-4602-AE5A-3D629399854F}.Debug|iPhone.ActiveCfg = Debug|Any CPU
		{F1EA39D7-46BF-4602-AE5A-3D629399854F}.Debug|iPhone.Build.0 = Debug|Any CPU
		{F1EA39D7-46BF-4602-AE5A-3D629399854F}.Debug|iPhone.Deploy.0 = Debug|Any CPU
		{F1EA39D7-46BF-4602-AE5A-3D629399854F}.Debug|iPhoneSimulator.ActiveCfg = Debug|Any CPU
		{F1EA39D7-46BF-4602-AE5A-3D629399854F}.Debug|iPhoneSimulator.Build.0 = Debug|Any CPU
		{F1EA39D7-46BF-4602-AE5A-3D629399854F}.Debug|iPhoneSimulator.Deploy.0 = Debug|Any CPU
		{F1EA39D7-46BF-4602-AE5A-3D629399854F}.Release|Any CPU.ActiveCfg = Release|Any CPU
		{F1EA39D7-46BF-4602-AE5A-3D629399854F}.Release|Any CPU.Build.0 = Release|Any CPU
		{F1EA39D7-46BF-4602-AE5A-3D629399854F}.Release|Any CPU.Deploy.0 = Release|Any CPU
		{F1EA39D7-46BF-4602-AE5A-3D629399854F}.Release|iPhone.ActiveCfg = Release|Any CPU
		{F1EA39D7-46BF-4602-AE5A-3D629399854F}.Release|iPhone.Build.0 = Release|Any CPU
		{F1EA39D7-46BF-4602-AE5A-3D629399854F}.Release|iPhone.Deploy.0 = Release|Any CPU
		{F1EA39D7-46BF-4602-AE5A-3D629399854F}.Release|iPhoneSimulator.ActiveCfg = Release|Any CPU
		{F1EA39D7-46BF-4602-AE5A-3D629399854F}.Release|iPhoneSimulator.Build.0 = Release|Any CPU
		{F1EA39D7-46BF-4602-AE5A-3D629399854F}.Release|iPhoneSimulator.Deploy.0 = Release|Any CPU
	EndGlobalSection
	GlobalSection(SolutionProperties) = preSolution
		HideSolutionNode = FALSE
	EndGlobalSection
	GlobalSection(ExtensibilityGlobals) = postSolution
		SolutionGuid = {B52D3ED6-6912-49F4-BD4A-43CAF1BCD46D}
	EndGlobalSection
EndGlobal
